
Microsoft Visual Studio Solution File, Format Version 12.00
# Visual Studio Version 17
VisualStudioVersion = 17.8.34511.84
MinimumVisualStudioVersion = 10.0.40219.1
Project("{9A19103F-16F7-4668-BE54-9A1E7A4F7556}") = "Pastebinapi", "Pastebin api\Pastebinapi.csproj", "{26BE40E0-FF7B-4598-90F8-D0061F360343}"
EndProject
Global
	GlobalSection(SolutionConfigurationPlatforms) = preSolution
		Debug|Any CPU = Debug|Any CPU
		Release|Any CPU = Release|Any CPU
	EndGlobalSection
	GlobalSection(ProjectConfigurationPlatforms) = postSolution
		{26BE40E0-FF7B-4598-90F8-D0061F360343}.Debug|Any CPU.ActiveCfg = Debug|Any CPU
		{26BE40E0-FF7B-4598-90F8-D0061F360343}.Debug|Any CPU.Build.0 = Debug|Any CPU
		{26BE40E0-FF7B-4598-90F8-D0061F360343}.Release|Any CPU.ActiveCfg = Release|Any CPU
		{26BE40E0-FF7B-4598-90F8-D0061F360343}.Release|Any CPU.Build.0 = Release|Any CPU
	EndGlobalSection
	GlobalSection(SolutionProperties) = preSolution
		HideSolutionNode = FALSE
	EndGlobalSection
	GlobalSection(ExtensibilityGlobals) = postSolution
		SolutionGuid = {35C415D2-FD55-429C-9ECC-88A48865973A}
	EndGlobalSection
EndGlobal
